// !$*UTF8*$!
{
	archiveVersion = 1;
	classes = {
	};
	objectVersion = 55;
	objects = {

/* Begin PBXBuildFile section */
		069EEB0D8278D83998C4E9B7 /* Pods_TrendyFilmsTests.framework in Frameworks */ = {isa = PBXBuildFile; fileRef = 97BF18A7AF49BF385F9F9372 /* Pods_TrendyFilmsTests.framework */; };
		5434794B7C06D460DB5C9DB0 /* Pods_TrendyFilms.framework in Frameworks */ = {isa = PBXBuildFile; fileRef = 6842839CED1DD19889B1A30B /* Pods_TrendyFilms.framework */; };
		55275F8C28708D8700B78EB6 /* RequestManager.swift in Sources */ = {isa = PBXBuildFile; fileRef = 55275F8B28708D8700B78EB6 /* RequestManager.swift */; };
		55275F8E28708EEC00B78EB6 /* Films.swift in Sources */ = {isa = PBXBuildFile; fileRef = 55275F8D28708EEC00B78EB6 /* Films.swift */; };
		55275F922870B42600B78EB6 /* FilmCell.swift in Sources */ = {isa = PBXBuildFile; fileRef = 55275F902870B42600B78EB6 /* FilmCell.swift */; };
		55275F932870B42600B78EB6 /* FilmCell.xib in Resources */ = {isa = PBXBuildFile; fileRef = 55275F912870B42600B78EB6 /* FilmCell.xib */; };
		55275F962870D48200B78EB6 /* UIImageView+URLSession.swift in Sources */ = {isa = PBXBuildFile; fileRef = 55275F952870D48200B78EB6 /* UIImageView+URLSession.swift */; };
		5553B406287020560008944D /* AppDelegate.swift in Sources */ = {isa = PBXBuildFile; fileRef = 5553B405287020560008944D /* AppDelegate.swift */; };
		5553B408287020560008944D /* SceneDelegate.swift in Sources */ = {isa = PBXBuildFile; fileRef = 5553B407287020560008944D /* SceneDelegate.swift */; };
		5553B40F287020590008944D /* Assets.xcassets in Resources */ = {isa = PBXBuildFile; fileRef = 5553B40E287020590008944D /* Assets.xcassets */; };
		5553B412287020590008944D /* LaunchScreen.storyboard in Resources */ = {isa = PBXBuildFile; fileRef = 5553B410287020590008944D /* LaunchScreen.storyboard */; };
		5553B41D287020590008944D /* TrendyFilmsTests.swift in Sources */ = {isa = PBXBuildFile; fileRef = 5553B41C287020590008944D /* TrendyFilmsTests.swift */; };
		5553B427287020590008944D /* TrendyFilmsUITests.swift in Sources */ = {isa = PBXBuildFile; fileRef = 5553B426287020590008944D /* TrendyFilmsUITests.swift */; };
		5553B429287020590008944D /* TrendyFilmsUITestsLaunchTests.swift in Sources */ = {isa = PBXBuildFile; fileRef = 5553B428287020590008944D /* TrendyFilmsUITestsLaunchTests.swift */; };
		5553B444287025220008944D /* HomeView.swift in Sources */ = {isa = PBXBuildFile; fileRef = 5553B442287025220008944D /* HomeView.swift */; };
		5553B445287025220008944D /* HomeView.xib in Resources */ = {isa = PBXBuildFile; fileRef = 5553B443287025220008944D /* HomeView.xib */; };
		5553B447287025D70008944D /* HomeRouter.swift in Sources */ = {isa = PBXBuildFile; fileRef = 5553B446287025D70008944D /* HomeRouter.swift */; };
		5553B449287027DB0008944D /* HomeViewModel.swift in Sources */ = {isa = PBXBuildFile; fileRef = 5553B448287027DB0008944D /* HomeViewModel.swift */; };
		5553B44B287047190008944D /* Utils.swift in Sources */ = {isa = PBXBuildFile; fileRef = 5553B44A287047190008944D /* Utils.swift */; };
		DF709C108F8A685082657B17 /* Pods_TrendyFilms_TrendyFilmsUITests.framework in Frameworks */ = {isa = PBXBuildFile; fileRef = 349C78317E58C7879DBB6869 /* Pods_TrendyFilms_TrendyFilmsUITests.framework */; };
/* End PBXBuildFile section */

/* Begin PBXContainerItemProxy section */
		5553B419287020590008944D /* PBXContainerItemProxy */ = {
			isa = PBXContainerItemProxy;
			containerPortal = 5553B3FA287020560008944D /* Project object */;
			proxyType = 1;
			remoteGlobalIDString = 5553B401287020560008944D;
			remoteInfo = TrendyFilms;
		};
		5553B423287020590008944D /* PBXContainerItemProxy */ = {
			isa = PBXContainerItemProxy;
			containerPortal = 5553B3FA287020560008944D /* Project object */;
			proxyType = 1;
			remoteGlobalIDString = 5553B401287020560008944D;
			remoteInfo = TrendyFilms;
		};
/* End PBXContainerItemProxy section */

/* Begin PBXFileReference section */
		2AADD9089BDD78D4093E4290 /* Pods-TrendyFilmsTests.debug.xcconfig */ = {isa = PBXFileReference; includeInIndex = 1; lastKnownFileType = text.xcconfig; name = "Pods-TrendyFilmsTests.debug.xcconfig"; path = "Target Support Files/Pods-TrendyFilmsTests/Pods-TrendyFilmsTests.debug.xcconfig"; sourceTree = "<group>"; };
		349C78317E58C7879DBB6869 /* Pods_TrendyFilms_TrendyFilmsUITests.framework */ = {isa = PBXFileReference; explicitFileType = wrapper.framework; includeInIndex = 0; path = Pods_TrendyFilms_TrendyFilmsUITests.framework; sourceTree = BUILT_PRODUCTS_DIR; };
		55275F8B28708D8700B78EB6 /* RequestManager.swift */ = {isa = PBXFileReference; lastKnownFileType = sourcecode.swift; path = RequestManager.swift; sourceTree = "<group>"; };
		55275F8D28708EEC00B78EB6 /* Films.swift */ = {isa = PBXFileReference; lastKnownFileType = sourcecode.swift; path = Films.swift; sourceTree = "<group>"; };
		55275F902870B42600B78EB6 /* FilmCell.swift */ = {isa = PBXFileReference; lastKnownFileType = sourcecode.swift; path = FilmCell.swift; sourceTree = "<group>"; };
		55275F912870B42600B78EB6 /* FilmCell.xib */ = {isa = PBXFileReference; lastKnownFileType = file.xib; path = FilmCell.xib; sourceTree = "<group>"; };
		55275F952870D48200B78EB6 /* UIImageView+URLSession.swift */ = {isa = PBXFileReference; lastKnownFileType = sourcecode.swift; path = "UIImageView+URLSession.swift"; sourceTree = "<group>"; };
		5553B402287020560008944D /* TrendyFilms.app */ = {isa = PBXFileReference; explicitFileType = wrapper.application; includeInIndex = 0; path = TrendyFilms.app; sourceTree = BUILT_PRODUCTS_DIR; };
		5553B405287020560008944D /* AppDelegate.swift */ = {isa = PBXFileReference; lastKnownFileType = sourcecode.swift; path = AppDelegate.swift; sourceTree = "<group>"; };
		5553B407287020560008944D /* SceneDelegate.swift */ = {isa = PBXFileReference; lastKnownFileType = sourcecode.swift; path = SceneDelegate.swift; sourceTree = "<group>"; };
		5553B40E287020590008944D /* Assets.xcassets */ = {isa = PBXFileReference; lastKnownFileType = folder.assetcatalog; path = Assets.xcassets; sourceTree = "<group>"; };
		5553B411287020590008944D /* Base */ = {isa = PBXFileReference; lastKnownFileType = file.storyboard; name = Base; path = Base.lproj/LaunchScreen.storyboard; sourceTree = "<group>"; };
		5553B413287020590008944D /* Info.plist */ = {isa = PBXFileReference; lastKnownFileType = text.plist.xml; path = Info.plist; sourceTree = "<group>"; };
		5553B418287020590008944D /* TrendyFilmsTests.xctest */ = {isa = PBXFileReference; explicitFileType = wrapper.cfbundle; includeInIndex = 0; path = TrendyFilmsTests.xctest; sourceTree = BUILT_PRODUCTS_DIR; };
		5553B41C287020590008944D /* TrendyFilmsTests.swift */ = {isa = PBXFileReference; lastKnownFileType = sourcecode.swift; path = TrendyFilmsTests.swift; sourceTree = "<group>"; };
		5553B422287020590008944D /* TrendyFilmsUITests.xctest */ = {isa = PBXFileReference; explicitFileType = wrapper.cfbundle; includeInIndex = 0; path = TrendyFilmsUITests.xctest; sourceTree = BUILT_PRODUCTS_DIR; };
		5553B426287020590008944D /* TrendyFilmsUITests.swift */ = {isa = PBXFileReference; lastKnownFileType = sourcecode.swift; path = TrendyFilmsUITests.swift; sourceTree = "<group>"; };
		5553B428287020590008944D /* TrendyFilmsUITestsLaunchTests.swift */ = {isa = PBXFileReference; lastKnownFileType = sourcecode.swift; path = TrendyFilmsUITestsLaunchTests.swift; sourceTree = "<group>"; };
		5553B442287025220008944D /* HomeView.swift */ = {isa = PBXFileReference; lastKnownFileType = sourcecode.swift; path = HomeView.swift; sourceTree = "<group>"; };
		5553B443287025220008944D /* HomeView.xib */ = {isa = PBXFileReference; lastKnownFileType = file.xib; path = HomeView.xib; sourceTree = "<group>"; };
		5553B446287025D70008944D /* HomeRouter.swift */ = {isa = PBXFileReference; lastKnownFileType = sourcecode.swift; path = HomeRouter.swift; sourceTree = "<group>"; };
		5553B448287027DB0008944D /* HomeViewModel.swift */ = {isa = PBXFileReference; lastKnownFileType = sourcecode.swift; path = HomeViewModel.swift; sourceTree = "<group>"; };
		5553B44A287047190008944D /* Utils.swift */ = {isa = PBXFileReference; lastKnownFileType = sourcecode.swift; path = Utils.swift; sourceTree = "<group>"; };
		5986CA5D258742B043B41E47 /* Pods-TrendyFilms-TrendyFilmsUITests.release.xcconfig */ = {isa = PBXFileReference; includeInIndex = 1; lastKnownFileType = text.xcconfig; name = "Pods-TrendyFilms-TrendyFilmsUITests.release.xcconfig"; path = "Target Support Files/Pods-TrendyFilms-TrendyFilmsUITests/Pods-TrendyFilms-TrendyFilmsUITests.release.xcconfig"; sourceTree = "<group>"; };
		6842839CED1DD19889B1A30B /* Pods_TrendyFilms.framework */ = {isa = PBXFileReference; explicitFileType = wrapper.framework; includeInIndex = 0; path = Pods_TrendyFilms.framework; sourceTree = BUILT_PRODUCTS_DIR; };
		70945CA14D56BD83AEC5DEDF /* Pods-TrendyFilms-TrendyFilmsUITests.debug.xcconfig */ = {isa = PBXFileReference; includeInIndex = 1; lastKnownFileType = text.xcconfig; name = "Pods-TrendyFilms-TrendyFilmsUITests.debug.xcconfig"; path = "Target Support Files/Pods-TrendyFilms-TrendyFilmsUITests/Pods-TrendyFilms-TrendyFilmsUITests.debug.xcconfig"; sourceTree = "<group>"; };
		81A5FE8A02E615412D650E85 /* Pods-TrendyFilms.release.xcconfig */ = {isa = PBXFileReference; includeInIndex = 1; lastKnownFileType = text.xcconfig; name = "Pods-TrendyFilms.release.xcconfig"; path = "Target Support Files/Pods-TrendyFilms/Pods-TrendyFilms.release.xcconfig"; sourceTree = "<group>"; };
		97BF18A7AF49BF385F9F9372 /* Pods_TrendyFilmsTests.framework */ = {isa = PBXFileReference; explicitFileType = wrapper.framework; includeInIndex = 0; path = Pods_TrendyFilmsTests.framework; sourceTree = BUILT_PRODUCTS_DIR; };
		BABE277B6597AB8A9DB18B55 /* Pods-TrendyFilms.debug.xcconfig */ = {isa = PBXFileReference; includeInIndex = 1; lastKnownFileType = text.xcconfig; name = "Pods-TrendyFilms.debug.xcconfig"; path = "Target Support Files/Pods-TrendyFilms/Pods-TrendyFilms.debug.xcconfig"; sourceTree = "<group>"; };
		E8A8336EDA2053DAC24ADCBB /* Pods-TrendyFilmsTests.release.xcconfig */ = {isa = PBXFileReference; includeInIndex = 1; lastKnownFileType = text.xcconfig; name = "Pods-TrendyFilmsTests.release.xcconfig"; path = "Target Support Files/Pods-TrendyFilmsTests/Pods-TrendyFilmsTests.release.xcconfig"; sourceTree = "<group>"; };
/* End PBXFileReference section */

/* Begin PBXFrameworksBuildPhase section */
		5553B3FF287020560008944D /* Frameworks */ = {
			isa = PBXFrameworksBuildPhase;
			buildActionMask = 2147483647;
			files = (
				5434794B7C06D460DB5C9DB0 /* Pods_TrendyFilms.framework in Frameworks */,
			);
			runOnlyForDeploymentPostprocessing = 0;
		};
		5553B415287020590008944D /* Frameworks */ = {
			isa = PBXFrameworksBuildPhase;
			buildActionMask = 2147483647;
			files = (
				069EEB0D8278D83998C4E9B7 /* Pods_TrendyFilmsTests.framework in Frameworks */,
			);
			runOnlyForDeploymentPostprocessing = 0;
		};
		5553B41F287020590008944D /* Frameworks */ = {
			isa = PBXFrameworksBuildPhase;
			buildActionMask = 2147483647;
			files = (
				DF709C108F8A685082657B17 /* Pods_TrendyFilms_TrendyFilmsUITests.framework in Frameworks */,
			);
			runOnlyForDeploymentPostprocessing = 0;
		};
/* End PBXFrameworksBuildPhase section */

/* Begin PBXGroup section */
		55275F8F2870B40800B78EB6 /* Cell */ = {
			isa = PBXGroup;
			children = (
				55275F902870B42600B78EB6 /* FilmCell.swift */,
				55275F912870B42600B78EB6 /* FilmCell.xib */,
			);
			path = Cell;
			sourceTree = "<group>";
		};
		55275F942870D3D800B78EB6 /* Extensions */ = {
			isa = PBXGroup;
			children = (
				55275F952870D48200B78EB6 /* UIImageView+URLSession.swift */,
			);
			path = Extensions;
			sourceTree = "<group>";
		};
		5553B3F9287020560008944D = {
			isa = PBXGroup;
			children = (
				5553B404287020560008944D /* TrendyFilms */,
				5553B41B287020590008944D /* TrendyFilmsTests */,
				5553B425287020590008944D /* TrendyFilmsUITests */,
				5553B403287020560008944D /* Products */,
				77D92E1F07DF968A211ADF93 /* Pods */,
				8D9DFBEF44970D8567F43512 /* Frameworks */,
			);
			sourceTree = "<group>";
		};
		5553B403287020560008944D /* Products */ = {
			isa = PBXGroup;
			children = (
				5553B402287020560008944D /* TrendyFilms.app */,
				5553B418287020590008944D /* TrendyFilmsTests.xctest */,
				5553B422287020590008944D /* TrendyFilmsUITests.xctest */,
			);
			name = Products;
			sourceTree = "<group>";
		};
		5553B404287020560008944D /* TrendyFilms */ = {
			isa = PBXGroup;
			children = (
				5553B4352870206D0008944D /* MainScene */,
				5553B4362870207A0008944D /* DetailScene */,
				5553B437287021030008944D /* Utils */,
				5553B40E287020590008944D /* Assets.xcassets */,
				5553B410287020590008944D /* LaunchScreen.storyboard */,
				5553B413287020590008944D /* Info.plist */,
				5553B405287020560008944D /* AppDelegate.swift */,
				5553B407287020560008944D /* SceneDelegate.swift */,
			);
			path = TrendyFilms;
			sourceTree = "<group>";
		};
		5553B41B287020590008944D /* TrendyFilmsTests */ = {
			isa = PBXGroup;
			children = (
				5553B41C287020590008944D /* TrendyFilmsTests.swift */,
			);
			path = TrendyFilmsTests;
			sourceTree = "<group>";
		};
		5553B425287020590008944D /* TrendyFilmsUITests */ = {
			isa = PBXGroup;
			children = (
				5553B426287020590008944D /* TrendyFilmsUITests.swift */,
				5553B428287020590008944D /* TrendyFilmsUITestsLaunchTests.swift */,
			);
			path = TrendyFilmsUITests;
			sourceTree = "<group>";
		};
		5553B4352870206D0008944D /* MainScene */ = {
			isa = PBXGroup;
			children = (
				5553B438287021490008944D /* Model */,
				5553B439287021520008944D /* View */,
				5553B43A287021590008944D /* ViewModel */,
				5553B43B2870215F0008944D /* Router */,
			);
			path = MainScene;
			sourceTree = "<group>";
		};
		5553B4362870207A0008944D /* DetailScene */ = {
			isa = PBXGroup;
			children = (
				5553B43F287021B30008944D /* Model */,
				5553B43E287021AC0008944D /* View */,
				5553B43D287021A40008944D /* ViewModel */,
				5553B43C2870219F0008944D /* Router */,
			);
			path = DetailScene;
			sourceTree = "<group>";
		};
		5553B437287021030008944D /* Utils */ = {
			isa = PBXGroup;
			children = (
				5553B44A287047190008944D /* Utils.swift */,
				55275F942870D3D800B78EB6 /* Extensions */,
				5553B440287021C50008944D /* NetworkManager */,
			);
			path = Utils;
			sourceTree = "<group>";
		};
		5553B438287021490008944D /* Model */ = {
			isa = PBXGroup;
			children = (
				55275F8D28708EEC00B78EB6 /* Films.swift */,
			);
			path = Model;
			sourceTree = "<group>";
		};
		5553B439287021520008944D /* View */ = {
			isa = PBXGroup;
			children = (
				55275F8F2870B40800B78EB6 /* Cell */,
				5553B442287025220008944D /* HomeView.swift */,
				5553B443287025220008944D /* HomeView.xib */,
			);
			path = View;
			sourceTree = "<group>";
		};
		5553B43A287021590008944D /* ViewModel */ = {
			isa = PBXGroup;
			children = (
				5553B448287027DB0008944D /* HomeViewModel.swift */,
			);
			path = ViewModel;
			sourceTree = "<group>";
		};
		5553B43B2870215F0008944D /* Router */ = {
			isa = PBXGroup;
			children = (
				5553B446287025D70008944D /* HomeRouter.swift */,
			);
			path = Router;
			sourceTree = "<group>";
		};
		5553B43C2870219F0008944D /* Router */ = {
			isa = PBXGroup;
			children = (
			);
			path = Router;
			sourceTree = "<group>";
		};
		5553B43D287021A40008944D /* ViewModel */ = {
			isa = PBXGroup;
			children = (
			);
			path = ViewModel;
			sourceTree = "<group>";
		};
		5553B43E287021AC0008944D /* View */ = {
			isa = PBXGroup;
			children = (
			);
			path = View;
			sourceTree = "<group>";
		};
		5553B43F287021B30008944D /* Model */ = {
			isa = PBXGroup;
			children = (
			);
			path = Model;
			sourceTree = "<group>";
		};
		5553B440287021C50008944D /* NetworkManager */ = {
			isa = PBXGroup;
			children = (
				55275F8B28708D8700B78EB6 /* RequestManager.swift */,
			);
			path = NetworkManager;
			sourceTree = "<group>";
		};
		77D92E1F07DF968A211ADF93 /* Pods */ = {
			isa = PBXGroup;
			children = (
				BABE277B6597AB8A9DB18B55 /* Pods-TrendyFilms.debug.xcconfig */,
				81A5FE8A02E615412D650E85 /* Pods-TrendyFilms.release.xcconfig */,
				70945CA14D56BD83AEC5DEDF /* Pods-TrendyFilms-TrendyFilmsUITests.debug.xcconfig */,
				5986CA5D258742B043B41E47 /* Pods-TrendyFilms-TrendyFilmsUITests.release.xcconfig */,
				2AADD9089BDD78D4093E4290 /* Pods-TrendyFilmsTests.debug.xcconfig */,
				E8A8336EDA2053DAC24ADCBB /* Pods-TrendyFilmsTests.release.xcconfig */,
			);
			path = Pods;
			sourceTree = "<group>";
		};
		8D9DFBEF44970D8567F43512 /* Frameworks */ = {
			isa = PBXGroup;
			children = (
				6842839CED1DD19889B1A30B /* Pods_TrendyFilms.framework */,
				349C78317E58C7879DBB6869 /* Pods_TrendyFilms_TrendyFilmsUITests.framework */,
				97BF18A7AF49BF385F9F9372 /* Pods_TrendyFilmsTests.framework */,
			);
			name = Frameworks;
			sourceTree = "<group>";
		};
/* End PBXGroup section */

/* Begin PBXNativeTarget section */
		5553B401287020560008944D /* TrendyFilms */ = {
			isa = PBXNativeTarget;
			buildConfigurationList = 5553B42C287020590008944D /* Build configuration list for PBXNativeTarget "TrendyFilms" */;
			buildPhases = (
				C6409140DCB14F1D12ABCE03 /* [CP] Check Pods Manifest.lock */,
				5553B3FE287020560008944D /* Sources */,
				5553B3FF287020560008944D /* Frameworks */,
				5553B400287020560008944D /* Resources */,
				46C1FFD502E38C75F102FCC0 /* [CP] Embed Pods Frameworks */,
			);
			buildRules = (
			);
			dependencies = (
			);
			name = TrendyFilms;
			productName = TrendyFilms;
			productReference = 5553B402287020560008944D /* TrendyFilms.app */;
			productType = "com.apple.product-type.application";
		};
		5553B417287020590008944D /* TrendyFilmsTests */ = {
			isa = PBXNativeTarget;
			buildConfigurationList = 5553B42F287020590008944D /* Build configuration list for PBXNativeTarget "TrendyFilmsTests" */;
			buildPhases = (
				2D5522E168E88E444950CA9E /* [CP] Check Pods Manifest.lock */,
				5553B414287020590008944D /* Sources */,
				5553B415287020590008944D /* Frameworks */,
				5553B416287020590008944D /* Resources */,
				7FE77FB0FB74BEBE6590CD3F /* [CP] Embed Pods Frameworks */,
			);
			buildRules = (
			);
			dependencies = (
				5553B41A287020590008944D /* PBXTargetDependency */,
			);
			name = TrendyFilmsTests;
			productName = TrendyFilmsTests;
			productReference = 5553B418287020590008944D /* TrendyFilmsTests.xctest */;
			productType = "com.apple.product-type.bundle.unit-test";
		};
		5553B421287020590008944D /* TrendyFilmsUITests */ = {
			isa = PBXNativeTarget;
			buildConfigurationList = 5553B432287020590008944D /* Build configuration list for PBXNativeTarget "TrendyFilmsUITests" */;
			buildPhases = (
				597EC57A365F07E832211BEC /* [CP] Check Pods Manifest.lock */,
				5553B41E287020590008944D /* Sources */,
				5553B41F287020590008944D /* Frameworks */,
				5553B420287020590008944D /* Resources */,
				683593B67984C00E9C8A434D /* [CP] Embed Pods Frameworks */,
			);
			buildRules = (
			);
			dependencies = (
				5553B424287020590008944D /* PBXTargetDependency */,
			);
			name = TrendyFilmsUITests;
			productName = TrendyFilmsUITests;
			productReference = 5553B422287020590008944D /* TrendyFilmsUITests.xctest */;
			productType = "com.apple.product-type.bundle.ui-testing";
		};
/* End PBXNativeTarget section */

/* Begin PBXProject section */
		5553B3FA287020560008944D /* Project object */ = {
			isa = PBXProject;
			attributes = {
				BuildIndependentTargetsInParallel = 1;
				LastSwiftUpdateCheck = 1340;
				LastUpgradeCheck = 1340;
				TargetAttributes = {
					5553B401287020560008944D = {
						CreatedOnToolsVersion = 13.4.1;
					};
					5553B417287020590008944D = {
						CreatedOnToolsVersion = 13.4.1;
						TestTargetID = 5553B401287020560008944D;
					};
					5553B421287020590008944D = {
						CreatedOnToolsVersion = 13.4.1;
						TestTargetID = 5553B401287020560008944D;
					};
				};
			};
			buildConfigurationList = 5553B3FD287020560008944D /* Build configuration list for PBXProject "TrendyFilms" */;
			compatibilityVersion = "Xcode 13.0";
			developmentRegion = en;
			hasScannedForEncodings = 0;
			knownRegions = (
				en,
				Base,
			);
			mainGroup = 5553B3F9287020560008944D;
			productRefGroup = 5553B403287020560008944D /* Products */;
			projectDirPath = "";
			projectRoot = "";
			targets = (
				5553B401287020560008944D /* TrendyFilms */,
				5553B417287020590008944D /* TrendyFilmsTests */,
				5553B421287020590008944D /* TrendyFilmsUITests */,
			);
		};
/* End PBXProject section */

/* Begin PBXResourcesBuildPhase section */
		5553B400287020560008944D /* Resources */ = {
			isa = PBXResourcesBuildPhase;
			buildActionMask = 2147483647;
			files = (
				5553B412287020590008944D /* LaunchScreen.storyboard in Resources */,
				55275F932870B42600B78EB6 /* FilmCell.xib in Resources */,
				5553B40F287020590008944D /* Assets.xcassets in Resources */,
				5553B445287025220008944D /* HomeView.xib in Resources */,
			);
			runOnlyForDeploymentPostprocessing = 0;
		};
		5553B416287020590008944D /* Resources */ = {
			isa = PBXResourcesBuildPhase;
			buildActionMask = 2147483647;
			files = (
			);
			runOnlyForDeploymentPostprocessing = 0;
		};
		5553B420287020590008944D /* Resources */ = {
			isa = PBXResourcesBuildPhase;
			buildActionMask = 2147483647;
			files = (
			);
			runOnlyForDeploymentPostprocessing = 0;
		};
/* End PBXResourcesBuildPhase section */

/* Begin PBXShellScriptBuildPhase section */
		2D5522E168E88E444950CA9E /* [CP] Check Pods Manifest.lock */ = {
			isa = PBXShellScriptBuildPhase;
			buildActionMask = 2147483647;
			files = (
			);
			inputFileListPaths = (
			);
			inputPaths = (
				"${PODS_PODFILE_DIR_PATH}/Podfile.lock",
				"${PODS_ROOT}/Manifest.lock",
			);
			name = "[CP] Check Pods Manifest.lock";
			outputFileListPaths = (
			);
			outputPaths = (
				"$(DERIVED_FILE_DIR)/Pods-TrendyFilmsTests-checkManifestLockResult.txt",
			);
			runOnlyForDeploymentPostprocessing = 0;
			shellPath = /bin/sh;
			shellScript = "diff \"${PODS_PODFILE_DIR_PATH}/Podfile.lock\" \"${PODS_ROOT}/Manifest.lock\" > /dev/null\nif [ $? != 0 ] ; then\n    # print error to STDERR\n    echo \"error: The sandbox is not in sync with the Podfile.lock. Run 'pod install' or update your CocoaPods installation.\" >&2\n    exit 1\nfi\n# This output is used by Xcode 'outputs' to avoid re-running this script phase.\necho \"SUCCESS\" > \"${SCRIPT_OUTPUT_FILE_0}\"\n";
			showEnvVarsInLog = 0;
		};
		46C1FFD502E38C75F102FCC0 /* [CP] Embed Pods Frameworks */ = {
			isa = PBXShellScriptBuildPhase;
			buildActionMask = 2147483647;
			files = (
			);
			inputFileListPaths = (
				"${PODS_ROOT}/Target Support Files/Pods-TrendyFilms/Pods-TrendyFilms-frameworks-${CONFIGURATION}-input-files.xcfilelist",
			);
			name = "[CP] Embed Pods Frameworks";
			outputFileListPaths = (
				"${PODS_ROOT}/Target Support Files/Pods-TrendyFilms/Pods-TrendyFilms-frameworks-${CONFIGURATION}-output-files.xcfilelist",
			);
			runOnlyForDeploymentPostprocessing = 0;
			shellPath = /bin/sh;
			shellScript = "\"${PODS_ROOT}/Target Support Files/Pods-TrendyFilms/Pods-TrendyFilms-frameworks.sh\"\n";
			showEnvVarsInLog = 0;
		};
		597EC57A365F07E832211BEC /* [CP] Check Pods Manifest.lock */ = {
			isa = PBXShellScriptBuildPhase;
			buildActionMask = 2147483647;
			files = (
			);
			inputFileListPaths = (
			);
			inputPaths = (
				"${PODS_PODFILE_DIR_PATH}/Podfile.lock",
				"${PODS_ROOT}/Manifest.lock",
			);
			name = "[CP] Check Pods Manifest.lock";
			outputFileListPaths = (
			);
			outputPaths = (
				"$(DERIVED_FILE_DIR)/Pods-TrendyFilms-TrendyFilmsUITests-checkManifestLockResult.txt",
			);
			runOnlyForDeploymentPostprocessing = 0;
			shellPath = /bin/sh;
			shellScript = "diff \"${PODS_PODFILE_DIR_PATH}/Podfile.lock\" \"${PODS_ROOT}/Manifest.lock\" > /dev/null\nif [ $? != 0 ] ; then\n    # print error to STDERR\n    echo \"error: The sandbox is not in sync with the Podfile.lock. Run 'pod install' or update your CocoaPods installation.\" >&2\n    exit 1\nfi\n# This output is used by Xcode 'outputs' to avoid re-running this script phase.\necho \"SUCCESS\" > \"${SCRIPT_OUTPUT_FILE_0}\"\n";
			showEnvVarsInLog = 0;
		};
		683593B67984C00E9C8A434D /* [CP] Embed Pods Frameworks */ = {
			isa = PBXShellScriptBuildPhase;
			buildActionMask = 2147483647;
			files = (
			);
			inputFileListPaths = (
				"${PODS_ROOT}/Target Support Files/Pods-TrendyFilms-TrendyFilmsUITests/Pods-TrendyFilms-TrendyFilmsUITests-frameworks-${CONFIGURATION}-input-files.xcfilelist",
			);
			name = "[CP] Embed Pods Frameworks";
			outputFileListPaths = (
				"${PODS_ROOT}/Target Support Files/Pods-TrendyFilms-TrendyFilmsUITests/Pods-TrendyFilms-TrendyFilmsUITests-frameworks-${CONFIGURATION}-output-files.xcfilelist",
			);
			runOnlyForDeploymentPostprocessing = 0;
			shellPath = /bin/sh;
			shellScript = "\"${PODS_ROOT}/Target Support Files/Pods-TrendyFilms-TrendyFilmsUITests/Pods-TrendyFilms-TrendyFilmsUITests-frameworks.sh\"\n";
			showEnvVarsInLog = 0;
		};
		7FE77FB0FB74BEBE6590CD3F /* [CP] Embed Pods Frameworks */ = {
			isa = PBXShellScriptBuildPhase;
			buildActionMask = 2147483647;
			files = (
			);
			inputFileListPaths = (
				"${PODS_ROOT}/Target Support Files/Pods-TrendyFilmsTests/Pods-TrendyFilmsTests-frameworks-${CONFIGURATION}-input-files.xcfilelist",
			);
			name = "[CP] Embed Pods Frameworks";
			outputFileListPaths = (
				"${PODS_ROOT}/Target Support Files/Pods-TrendyFilmsTests/Pods-TrendyFilmsTests-frameworks-${CONFIGURATION}-output-files.xcfilelist",
			);
			runOnlyForDeploymentPostprocessing = 0;
			shellPath = /bin/sh;
			shellScript = "\"${PODS_ROOT}/Target Support Files/Pods-TrendyFilmsTests/Pods-TrendyFilmsTests-frameworks.sh\"\n";
			showEnvVarsInLog = 0;
		};
		C6409140DCB14F1D12ABCE03 /* [CP] Check Pods Manifest.lock */ = {
			isa = PBXShellScriptBuildPhase;
			buildActionMask = 2147483647;
			files = (
			);
			inputFileListPaths = (
			);
			inputPaths = (
				"${PODS_PODFILE_DIR_PATH}/Podfile.lock",
				"${PODS_ROOT}/Manifest.lock",
			);
			name = "[CP] Check Pods Manifest.lock";
			outputFileListPaths = (
			);
			outputPaths = (
				"$(DERIVED_FILE_DIR)/Pods-TrendyFilms-checkManifestLockResult.txt",
			);
			runOnlyForDeploymentPostprocessing = 0;
			shellPath = /bin/sh;
			shellScript = "diff \"${PODS_PODFILE_DIR_PATH}/Podfile.lock\" \"${PODS_ROOT}/Manifest.lock\" > /dev/null\nif [ $? != 0 ] ; then\n    # print error to STDERR\n    echo \"error: The sandbox is not in sync with the Podfile.lock. Run 'pod install' or update your CocoaPods installation.\" >&2\n    exit 1\nfi\n# This output is used by Xcode 'outputs' to avoid re-running this script phase.\necho \"SUCCESS\" > \"${SCRIPT_OUTPUT_FILE_0}\"\n";
			showEnvVarsInLog = 0;
		};
/* End PBXShellScriptBuildPhase section */

/* Begin PBXSourcesBuildPhase section */
		5553B3FE287020560008944D /* Sources */ = {
			isa = PBXSourcesBuildPhase;
			buildActionMask = 2147483647;
			files = (
				55275F922870B42600B78EB6 /* FilmCell.swift in Sources */,
				5553B444287025220008944D /* HomeView.swift in Sources */,
				5553B447287025D70008944D /* HomeRouter.swift in Sources */,
				5553B406287020560008944D /* AppDelegate.swift in Sources */,
				5553B449287027DB0008944D /* HomeViewModel.swift in Sources */,
				55275F8C28708D8700B78EB6 /* RequestManager.swift in Sources */,
				55275F8E28708EEC00B78EB6 /* Films.swift in Sources */,
				5553B408287020560008944D /* SceneDelegate.swift in Sources */,
				5553B44B287047190008944D /* Utils.swift in Sources */,
				55275F962870D48200B78EB6 /* UIImageView+URLSession.swift in Sources */,
			);
			runOnlyForDeploymentPostprocessing = 0;
		};
		5553B414287020590008944D /* Sources */ = {
			isa = PBXSourcesBuildPhase;
			buildActionMask = 2147483647;
			files = (
				5553B41D287020590008944D /* TrendyFilmsTests.swift in Sources */,
			);
			runOnlyForDeploymentPostprocessing = 0;
		};
		5553B41E287020590008944D /* Sources */ = {
			isa = PBXSourcesBuildPhase;
			buildActionMask = 2147483647;
			files = (
				5553B429287020590008944D /* TrendyFilmsUITestsLaunchTests.swift in Sources */,
				5553B427287020590008944D /* TrendyFilmsUITests.swift in Sources */,
			);
			runOnlyForDeploymentPostprocessing = 0;
		};
/* End PBXSourcesBuildPhase section */

/* Begin PBXTargetDependency section */
		5553B41A287020590008944D /* PBXTargetDependency */ = {
			isa = PBXTargetDependency;
			target = 5553B401287020560008944D /* TrendyFilms */;
			targetProxy = 5553B419287020590008944D /* PBXContainerItemProxy */;
		};
		5553B424287020590008944D /* PBXTargetDependency */ = {
			isa = PBXTargetDependency;
			target = 5553B401287020560008944D /* TrendyFilms */;
			targetProxy = 5553B423287020590008944D /* PBXContainerItemProxy */;
		};
/* End PBXTargetDependency section */

/* Begin PBXVariantGroup section */
		5553B410287020590008944D /* LaunchScreen.storyboard */ = {
			isa = PBXVariantGroup;
			children = (
				5553B411287020590008944D /* Base */,
			);
			name = LaunchScreen.storyboard;
			sourceTree = "<group>";
		};
/* End PBXVariantGroup section */

/* Begin XCBuildConfiguration section */
		5553B42A287020590008944D /* Debug */ = {
			isa = XCBuildConfiguration;
			buildSettings = {
				ALWAYS_SEARCH_USER_PATHS = NO;
				CLANG_ANALYZER_NONNULL = YES;
				CLANG_ANALYZER_NUMBER_OBJECT_CONVERSION = YES_AGGRESSIVE;
				CLANG_CXX_LANGUAGE_STANDARD = "gnu++17";
				CLANG_ENABLE_MODULES = YES;
				CLANG_ENABLE_OBJC_ARC = YES;
				CLANG_ENABLE_OBJC_WEAK = YES;
				CLANG_WARN_BLOCK_CAPTURE_AUTORELEASING = YES;
				CLANG_WARN_BOOL_CONVERSION = YES;
				CLANG_WARN_COMMA = YES;
				CLANG_WARN_CONSTANT_CONVERSION = YES;
				CLANG_WARN_DEPRECATED_OBJC_IMPLEMENTATIONS = YES;
				CLANG_WARN_DIRECT_OBJC_ISA_USAGE = YES_ERROR;
				CLANG_WARN_DOCUMENTATION_COMMENTS = YES;
				CLANG_WARN_EMPTY_BODY = YES;
				CLANG_WARN_ENUM_CONVERSION = YES;
				CLANG_WARN_INFINITE_RECURSION = YES;
				CLANG_WARN_INT_CONVERSION = YES;
				CLANG_WARN_NON_LITERAL_NULL_CONVERSION = YES;
				CLANG_WARN_OBJC_IMPLICIT_RETAIN_SELF = YES;
				CLANG_WARN_OBJC_LITERAL_CONVERSION = YES;
				CLANG_WARN_OBJC_ROOT_CLASS = YES_ERROR;
				CLANG_WARN_QUOTED_INCLUDE_IN_FRAMEWORK_HEADER = YES;
				CLANG_WARN_RANGE_LOOP_ANALYSIS = YES;
				CLANG_WARN_STRICT_PROTOTYPES = YES;
				CLANG_WARN_SUSPICIOUS_MOVE = YES;
				CLANG_WARN_UNGUARDED_AVAILABILITY = YES_AGGRESSIVE;
				CLANG_WARN_UNREACHABLE_CODE = YES;
				CLANG_WARN__DUPLICATE_METHOD_MATCH = YES;
				COPY_PHASE_STRIP = NO;
				DEBUG_INFORMATION_FORMAT = dwarf;
				ENABLE_STRICT_OBJC_MSGSEND = YES;
				ENABLE_TESTABILITY = YES;
				GCC_C_LANGUAGE_STANDARD = gnu11;
				GCC_DYNAMIC_NO_PIC = NO;
				GCC_NO_COMMON_BLOCKS = YES;
				GCC_OPTIMIZATION_LEVEL = 0;
				GCC_PREPROCESSOR_DEFINITIONS = (
					"DEBUG=1",
					"$(inherited)",
				);
				GCC_WARN_64_TO_32_BIT_CONVERSION = YES;
				GCC_WARN_ABOUT_RETURN_TYPE = YES_ERROR;
				GCC_WARN_UNDECLARED_SELECTOR = YES;
				GCC_WARN_UNINITIALIZED_AUTOS = YES_AGGRESSIVE;
				GCC_WARN_UNUSED_FUNCTION = YES;
				GCC_WARN_UNUSED_VARIABLE = YES;
				IPHONEOS_DEPLOYMENT_TARGET = 15.5;
				MTL_ENABLE_DEBUG_INFO = INCLUDE_SOURCE;
				MTL_FAST_MATH = YES;
				ONLY_ACTIVE_ARCH = YES;
				SDKROOT = iphoneos;
				SWIFT_ACTIVE_COMPILATION_CONDITIONS = DEBUG;
				SWIFT_OPTIMIZATION_LEVEL = "-Onone";
			};
			name = Debug;
		};
		5553B42B287020590008944D /* Release */ = {
			isa = XCBuildConfiguration;
			buildSettings = {
				ALWAYS_SEARCH_USER_PATHS = NO;
				CLANG_ANALYZER_NONNULL = YES;
				CLANG_ANALYZER_NUMBER_OBJECT_CONVERSION = YES_AGGRESSIVE;
				CLANG_CXX_LANGUAGE_STANDARD = "gnu++17";
				CLANG_ENABLE_MODULES = YES;
				CLANG_ENABLE_OBJC_ARC = YES;
				CLANG_ENABLE_OBJC_WEAK = YES;
				CLANG_WARN_BLOCK_CAPTURE_AUTORELEASING = YES;
				CLANG_WARN_BOOL_CONVERSION = YES;
				CLANG_WARN_COMMA = YES;
				CLANG_WARN_CONSTANT_CONVERSION = YES;
				CLANG_WARN_DEPRECATED_OBJC_IMPLEMENTATIONS = YES;
				CLANG_WARN_DIRECT_OBJC_ISA_USAGE = YES_ERROR;
				CLANG_WARN_DOCUMENTATION_COMMENTS = YES;
				CLANG_WARN_EMPTY_BODY = YES;
				CLANG_WARN_ENUM_CONVERSION = YES;
				CLANG_WARN_INFINITE_RECURSION = YES;
				CLANG_WARN_INT_CONVERSION = YES;
				CLANG_WARN_NON_LITERAL_NULL_CONVERSION = YES;
				CLANG_WARN_OBJC_IMPLICIT_RETAIN_SELF = YES;
				CLANG_WARN_OBJC_LITERAL_CONVERSION = YES;
				CLANG_WARN_OBJC_ROOT_CLASS = YES_ERROR;
				CLANG_WARN_QUOTED_INCLUDE_IN_FRAMEWORK_HEADER = YES;
				CLANG_WARN_RANGE_LOOP_ANALYSIS = YES;
				CLANG_WARN_STRICT_PROTOTYPES = YES;
				CLANG_WARN_SUSPICIOUS_MOVE = YES;
				CLANG_WARN_UNGUARDED_AVAILABILITY = YES_AGGRESSIVE;
				CLANG_WARN_UNREACHABLE_CODE = YES;
				CLANG_WARN__DUPLICATE_METHOD_MATCH = YES;
				COPY_PHASE_STRIP = NO;
				DEBUG_INFORMATION_FORMAT = "dwarf-with-dsym";
				ENABLE_NS_ASSERTIONS = NO;
				ENABLE_STRICT_OBJC_MSGSEND = YES;
				GCC_C_LANGUAGE_STANDARD = gnu11;
				GCC_NO_COMMON_BLOCKS = YES;
				GCC_WARN_64_TO_32_BIT_CONVERSION = YES;
				GCC_WARN_ABOUT_RETURN_TYPE = YES_ERROR;
				GCC_WARN_UNDECLARED_SELECTOR = YES;
				GCC_WARN_UNINITIALIZED_AUTOS = YES_AGGRESSIVE;
				GCC_WARN_UNUSED_FUNCTION = YES;
				GCC_WARN_UNUSED_VARIABLE = YES;
				IPHONEOS_DEPLOYMENT_TARGET = 15.5;
				MTL_ENABLE_DEBUG_INFO = NO;
				MTL_FAST_MATH = YES;
				SDKROOT = iphoneos;
				SWIFT_COMPILATION_MODE = wholemodule;
				SWIFT_OPTIMIZATION_LEVEL = "-O";
				VALIDATE_PRODUCT = YES;
			};
			name = Release;
		};
		5553B42D287020590008944D /* Debug */ = {
			isa = XCBuildConfiguration;
			baseConfigurationReference = BABE277B6597AB8A9DB18B55 /* Pods-TrendyFilms.debug.xcconfig */;
			buildSettings = {
				ASSETCATALOG_COMPILER_APPICON_NAME = AppIcon;
				ASSETCATALOG_COMPILER_GLOBAL_ACCENT_COLOR_NAME = AccentColor;
				CODE_SIGN_STYLE = Automatic;
				CURRENT_PROJECT_VERSION = 1;
				DEVELOPMENT_TEAM = FW8P39ZPC3;
				GENERATE_INFOPLIST_FILE = YES;
				INFOPLIST_FILE = TrendyFilms/Info.plist;
				INFOPLIST_KEY_UIApplicationSupportsIndirectInputEvents = YES;
				INFOPLIST_KEY_UILaunchStoryboardName = LaunchScreen;
				INFOPLIST_KEY_UISupportedInterfaceOrientations_iPad = "UIInterfaceOrientationPortrait UIInterfaceOrientationPortraitUpsideDown UIInterfaceOrientationLandscapeLeft UIInterfaceOrientationLandscapeRight";
				INFOPLIST_KEY_UISupportedInterfaceOrientations_iPhone = "UIInterfaceOrientationPortrait UIInterfaceOrientationLandscapeLeft UIInterfaceOrientationLandscapeRight";
				LD_RUNPATH_SEARCH_PATHS = (
					"$(inherited)",
					"@executable_path/Frameworks",
				);
				MARKETING_VERSION = 1.0;
				PRODUCT_BUNDLE_IDENTIFIER = com.oscarmoreno.TrendyFilms;
				PRODUCT_NAME = "$(TARGET_NAME)";
				SWIFT_EMIT_LOC_STRINGS = YES;
				SWIFT_VERSION = 5.0;
				TARGETED_DEVICE_FAMILY = "1,2";
			};
			name = Debug;
		};
		5553B42E287020590008944D /* Release */ = {
			isa = XCBuildConfiguration;
			baseConfigurationReference = 81A5FE8A02E615412D650E85 /* Pods-TrendyFilms.release.xcconfig */;
			buildSettings = {
				ASSETCATALOG_COMPILER_APPICON_NAME = AppIcon;
				ASSETCATALOG_COMPILER_GLOBAL_ACCENT_COLOR_NAME = AccentColor;
				CODE_SIGN_STYLE = Automatic;
				CURRENT_PROJECT_VERSION = 1;
				DEVELOPMENT_TEAM = FW8P39ZPC3;
				GENERATE_INFOPLIST_FILE = YES;
				INFOPLIST_FILE = TrendyFilms/Info.plist;
				INFOPLIST_KEY_UIApplicationSupportsIndirectInputEvents = YES;
				INFOPLIST_KEY_UILaunchStoryboardName = LaunchScreen;
				INFOPLIST_KEY_UISupportedInterfaceOrientations_iPad = "UIInterfaceOrientationPortrait UIInterfaceOrientationPortraitUpsideDown UIInterfaceOrientationLandscapeLeft UIInterfaceOrientationLandscapeRight";
				INFOPLIST_KEY_UISupportedInterfaceOrientations_iPhone = "UIInterfaceOrientationPortrait UIInterfaceOrientationLandscapeLeft UIInterfaceOrientationLandscapeRight";
				LD_RUNPATH_SEARCH_PATHS = (
					"$(inherited)",
					"@executable_path/Frameworks",
				);
				MARKETING_VERSION = 1.0;
				PRODUCT_BUNDLE_IDENTIFIER = com.oscarmoreno.TrendyFilms;
				PRODUCT_NAME = "$(TARGET_NAME)";
				SWIFT_EMIT_LOC_STRINGS = YES;
				SWIFT_VERSION = 5.0;
				TARGETED_DEVICE_FAMILY = "1,2";
			};
			name = Release;
		};
		5553B430287020590008944D /* Debug */ = {
			isa = XCBuildConfiguration;
			baseConfigurationReference = 2AADD9089BDD78D4093E4290 /* Pods-TrendyFilmsTests.debug.xcconfig */;
			buildSettings = {
				ALWAYS_EMBED_SWIFT_STANDARD_LIBRARIES = YES;
				BUNDLE_LOADER = "$(TEST_HOST)";
				CODE_SIGN_STYLE = Automatic;
				CURRENT_PROJECT_VERSION = 1;
				DEVELOPMENT_TEAM = FW8P39ZPC3;
				GENERATE_INFOPLIST_FILE = YES;
				IPHONEOS_DEPLOYMENT_TARGET = 15.5;
				MARKETING_VERSION = 1.0;
				PRODUCT_BUNDLE_IDENTIFIER = com.oscarmoreno.TrendyFilmsTests;
				PRODUCT_NAME = "$(TARGET_NAME)";
				SWIFT_EMIT_LOC_STRINGS = NO;
				SWIFT_VERSION = 5.0;
				TARGETED_DEVICE_FAMILY = "1,2";
				TEST_HOST = "$(BUILT_PRODUCTS_DIR)/TrendyFilms.app/TrendyFilms";
			};
			name = Debug;
		};
		5553B431287020590008944D /* Release */ = {
			isa = XCBuildConfiguration;
			baseConfigurationReference = E8A8336EDA2053DAC24ADCBB /* Pods-TrendyFilmsTests.release.xcconfig */;
			buildSettings = {
				ALWAYS_EMBED_SWIFT_STANDARD_LIBRARIES = YES;
				BUNDLE_LOADER = "$(TEST_HOST)";
				CODE_SIGN_STYLE = Automatic;
				CURRENT_PROJECT_VERSION = 1;
				DEVELOPMENT_TEAM = FW8P39ZPC3;
				GENERATE_INFOPLIST_FILE = YES;
				IPHONEOS_DEPLOYMENT_TARGET = 15.5;
				MARKETING_VERSION = 1.0;
				PRODUCT_BUNDLE_IDENTIFIER = com.oscarmoreno.TrendyFilmsTests;
				PRODUCT_NAME = "$(TARGET_NAME)";
				SWIFT_EMIT_LOC_STRINGS = NO;
				SWIFT_VERSION = 5.0;
				TARGETED_DEVICE_FAMILY = "1,2";
				TEST_HOST = "$(BUILT_PRODUCTS_DIR)/TrendyFilms.app/TrendyFilms";
			};
			name = Release;
		};
		5553B433287020590008944D /* Debug */ = {
			isa = XCBuildConfiguration;
			baseConfigurationReference = 70945CA14D56BD83AEC5DEDF /* Pods-TrendyFilms-TrendyFilmsUITests.debug.xcconfig */;
			buildSettings = {
				ALWAYS_EMBED_SWIFT_STANDARD_LIBRARIES = YES;
				CODE_SIGN_STYLE = Automatic;
				CURRENT_PROJECT_VERSION = 1;
				DEVELOPMENT_TEAM = FW8P39ZPC3;
				GENERATE_INFOPLIST_FILE = YES;
				MARKETING_VERSION = 1.0;
				PRODUCT_BUNDLE_IDENTIFIER = com.oscarmoreno.TrendyFilmsUITests;
				PRODUCT_NAME = "$(TARGET_NAME)";
				SWIFT_EMIT_LOC_STRINGS = NO;
				SWIFT_VERSION = 5.0;
				TARGETED_DEVICE_FAMILY = "1,2";
				TEST_TARGET_NAME = TrendyFilms;
			};
			name = Debug;
		};
		5553B434287020590008944D /* Release */ = {
			isa = XCBuildConfiguration;
			baseConfigurationReference = 5986CA5D258742B043B41E47 /* Pods-TrendyFilms-TrendyFilmsUITests.release.xcconfig */;
			buildSettings = {
				ALWAYS_EMBED_SWIFT_STANDARD_LIBRARIES = YES;
				CODE_SIGN_STYLE = Automatic;
				CURRENT_PROJECT_VERSION = 1;
				DEVELOPMENT_TEAM = FW8P39ZPC3;
				GENERATE_INFOPLIST_FILE = YES;
				MARKETING_VERSION = 1.0;
				PRODUCT_BUNDLE_IDENTIFIER = com.oscarmoreno.TrendyFilmsUITests;
				PRODUCT_NAME = "$(TARGET_NAME)";
				SWIFT_EMIT_LOC_STRINGS = NO;
				SWIFT_VERSION = 5.0;
				TARGETED_DEVICE_FAMILY = "1,2";
				TEST_TARGET_NAME = TrendyFilms;
			};
			name = Release;
		};
/* End XCBuildConfiguration section */

/* Begin XCConfigurationList section */
		5553B3FD287020560008944D /* Build configuration list for PBXProject "TrendyFilms" */ = {
			isa = XCConfigurationList;
			buildConfigurations = (
				5553B42A287020590008944D /* Debug */,
				5553B42B287020590008944D /* Release */,
			);
			defaultConfigurationIsVisible = 0;
			defaultConfigurationName = Release;
		};
		5553B42C287020590008944D /* Build configuration list for PBXNativeTarget "TrendyFilms" */ = {
			isa = XCConfigurationList;
			buildConfigurations = (
				5553B42D287020590008944D /* Debug */,
				5553B42E287020590008944D /* Release */,
			);
			defaultConfigurationIsVisible = 0;
			defaultConfigurationName = Release;
		};
		5553B42F287020590008944D /* Build configuration list for PBXNativeTarget "TrendyFilmsTests" */ = {
			isa = XCConfigurationList;
			buildConfigurations = (
				5553B430287020590008944D /* Debug */,
				5553B431287020590008944D /* Release */,
			);
			defaultConfigurationIsVisible = 0;
			defaultConfigurationName = Release;
		};
		5553B432287020590008944D /* Build configuration list for PBXNativeTarget "TrendyFilmsUITests" */ = {
			isa = XCConfigurationList;
			buildConfigurations = (
				5553B433287020590008944D /* Debug */,
				5553B434287020590008944D /* Release */,
			);
			defaultConfigurationIsVisible = 0;
			defaultConfigurationName = Release;
		};
/* End XCConfigurationList section */
	};
	rootObject = 5553B3FA287020560008944D /* Project object */;
}
